
Microsoft Visual Studio Solution File, Format Version 12.00
# Visual Studio Version 17
VisualStudioVersion = 17.2.32505.173
MinimumVisualStudioVersion = 10.0.40219.1
Project("{FAE04EC0-301F-11D3-BF4B-00C04F79EFBC}") = "APIGetsSFData", "APIGetsSFData\APIGetsSFData.csproj", "{0133D7E5-21D1-437A-874C-2C28E130FD4C}"
EndProject
Global
	GlobalSection(SolutionConfigurationPlatforms) = preSolution
		Debug|Any CPU = Debug|Any CPU
		Release|Any CPU = Release|Any CPU
	EndGlobalSection
	GlobalSection(ProjectConfigurationPlatforms) = postSolution
		{0133D7E5-21D1-437A-874C-2C28E130FD4C}.Debug|Any CPU.ActiveCfg = Debug|Any CPU
		{0133D7E5-21D1-437A-874C-2C28E130FD4C}.Debug|Any CPU.Build.0 = Debug|Any CPU
		{0133D7E5-21D1-437A-874C-2C28E130FD4C}.Release|Any CPU.ActiveCfg = Release|Any CPU
		{0133D7E5-21D1-437A-874C-2C28E130FD4C}.Release|Any CPU.Build.0 = Release|Any CPU
	EndGlobalSection
	GlobalSection(SolutionProperties) = preSolution
		HideSolutionNode = FALSE
	EndGlobalSection
	GlobalSection(ExtensibilityGlobals) = postSolution
		SolutionGuid = {124EA1E9-ECB5-414D-BB23-0908E9E34110}
	EndGlobalSection
EndGlobal
